// !$*UTF8*$!
{
	archiveVersion = 1;
	classes = {
	};
	objectVersion = 46;
	objects = {

/* Begin PBXBuildFile section */
		006ADCB91E44280E0063B6A4 /* Constants.m in Sources */ = {isa = PBXBuildFile; fileRef = 006ADCB81E44280E0063B6A4 /* Constants.m */; };
		00EBE3B41E43BFBE00203079 /* eye-icon.png in Resources */ = {isa = PBXBuildFile; fileRef = 00EBE3B31E43BFBE00203079 /* eye-icon.png */; };
		00EBE3B61E43C29400203079 /* heart.png in Resources */ = {isa = PBXBuildFile; fileRef = 00EBE3B51E43C29400203079 /* heart.png */; };
		00EBE3B81E43C43000203079 /* cameraIcon-thumbn-on.png in Resources */ = {isa = PBXBuildFile; fileRef = 00EBE3B71E43C43000203079 /* cameraIcon-thumbn-on.png */; };
		00EBE3C21E43D8EB00203079 /* ispy-bkg2.png in Resources */ = {isa = PBXBuildFile; fileRef = 00EBE3C11E43D8EB00203079 /* ispy-bkg2.png */; };
		00EBE3C61E43DD4600203079 /* wildtextures-creased-black-paper-texture.jpg in Resources */ = {isa = PBXBuildFile; fileRef = 00EBE3C51E43DD4600203079 /* wildtextures-creased-black-paper-texture.jpg */; };
		00EBE3C81E43E40000203079 /* iSpyLogo.png in Resources */ = {isa = PBXBuildFile; fileRef = 00EBE3C71E43E40000203079 /* iSpyLogo.png */; };
		00EBE3CD1E43F96F00203079 /* FinalScoreViewController.m in Sources */ = {isa = PBXBuildFile; fileRef = 00EBE3CC1E43F96F00203079 /* FinalScoreViewController.m */; };
		9E9CA0BB1E4102C2002489B5 /* main.m in Sources */ = {isa = PBXBuildFile; fileRef = 9E9CA0BA1E4102C2002489B5 /* main.m */; };
		9E9CA0BE1E4102C2002489B5 /* AppDelegate.m in Sources */ = {isa = PBXBuildFile; fileRef = 9E9CA0BD1E4102C2002489B5 /* AppDelegate.m */; };
		9E9CA0C11E4102C2002489B5 /* ViewController.m in Sources */ = {isa = PBXBuildFile; fileRef = 9E9CA0C01E4102C2002489B5 /* ViewController.m */; };
		9E9CA0C41E4102C2002489B5 /* Main.storyboard in Resources */ = {isa = PBXBuildFile; fileRef = 9E9CA0C21E4102C2002489B5 /* Main.storyboard */; };
		9E9CA0C61E4102C2002489B5 /* Assets.xcassets in Resources */ = {isa = PBXBuildFile; fileRef = 9E9CA0C51E4102C2002489B5 /* Assets.xcassets */; };
		9E9CA0C91E4102C2002489B5 /* LaunchScreen.storyboard in Resources */ = {isa = PBXBuildFile; fileRef = 9E9CA0C71E4102C2002489B5 /* LaunchScreen.storyboard */; };
		C3010DDE1E43BC6D0029CB8C /* ConfirmationViewController.m in Sources */ = {isa = PBXBuildFile; fileRef = C3010DDC1E43BC6D0029CB8C /* ConfirmationViewController.m */; };
		C3010DDF1E43BC6D0029CB8C /* ConfirmationViewController.xib in Resources */ = {isa = PBXBuildFile; fileRef = C3010DDD1E43BC6D0029CB8C /* ConfirmationViewController.xib */; };
		E87EC68A1E43CA0E002106F1 /* QuestionViewController.m in Sources */ = {isa = PBXBuildFile; fileRef = E87EC6881E43CA0E002106F1 /* QuestionViewController.m */; };
		E87EC68B1E43CA0E002106F1 /* QuestionViewController.xib in Resources */ = {isa = PBXBuildFile; fileRef = E87EC6891E43CA0E002106F1 /* QuestionViewController.xib */; };
/* End PBXBuildFile section */

/* Begin PBXFileReference section */
		006ADCB81E44280E0063B6A4 /* Constants.m */ = {isa = PBXFileReference; fileEncoding = 4; lastKnownFileType = sourcecode.c.objc; path = Constants.m; sourceTree = "<group>"; };
		00EBE3B31E43BFBE00203079 /* eye-icon.png */ = {isa = PBXFileReference; lastKnownFileType = image.png; path = "eye-icon.png"; sourceTree = "<group>"; };
		00EBE3B51E43C29400203079 /* heart.png */ = {isa = PBXFileReference; lastKnownFileType = image.png; path = heart.png; sourceTree = "<group>"; };
		00EBE3B71E43C43000203079 /* cameraIcon-thumbn-on.png */ = {isa = PBXFileReference; lastKnownFileType = image.png; path = "cameraIcon-thumbn-on.png"; sourceTree = "<group>"; };
		00EBE3C11E43D8EB00203079 /* ispy-bkg2.png */ = {isa = PBXFileReference; lastKnownFileType = image.png; path = "ispy-bkg2.png"; sourceTree = "<group>"; };
		00EBE3C51E43DD4600203079 /* wildtextures-creased-black-paper-texture.jpg */ = {isa = PBXFileReference; lastKnownFileType = image.jpeg; path = "wildtextures-creased-black-paper-texture.jpg"; sourceTree = "<group>"; };
		00EBE3C71E43E40000203079 /* iSpyLogo.png */ = {isa = PBXFileReference; lastKnownFileType = image.png; path = iSpyLogo.png; sourceTree = "<group>"; };
		00EBE3CB1E43F96F00203079 /* FinalScoreViewController.h */ = {isa = PBXFileReference; fileEncoding = 4; lastKnownFileType = sourcecode.c.h; path = FinalScoreViewController.h; sourceTree = "<group>"; };
		00EBE3CC1E43F96F00203079 /* FinalScoreViewController.m */ = {isa = PBXFileReference; fileEncoding = 4; lastKnownFileType = sourcecode.c.objc; path = FinalScoreViewController.m; sourceTree = "<group>"; };
		9E9CA0B61E4102C2002489B5 /* UsingMicrosoftVision.app */ = {isa = PBXFileReference; explicitFileType = wrapper.application; includeInIndex = 0; path = UsingMicrosoftVision.app; sourceTree = BUILT_PRODUCTS_DIR; };
		9E9CA0BA1E4102C2002489B5 /* main.m */ = {isa = PBXFileReference; lastKnownFileType = sourcecode.c.objc; path = main.m; sourceTree = "<group>"; };
		9E9CA0BC1E4102C2002489B5 /* AppDelegate.h */ = {isa = PBXFileReference; lastKnownFileType = sourcecode.c.h; path = AppDelegate.h; sourceTree = "<group>"; };
		9E9CA0BD1E4102C2002489B5 /* AppDelegate.m */ = {isa = PBXFileReference; lastKnownFileType = sourcecode.c.objc; path = AppDelegate.m; sourceTree = "<group>"; };
		9E9CA0BF1E4102C2002489B5 /* ViewController.h */ = {isa = PBXFileReference; lastKnownFileType = sourcecode.c.h; path = ViewController.h; sourceTree = "<group>"; };
		9E9CA0C01E4102C2002489B5 /* ViewController.m */ = {isa = PBXFileReference; lastKnownFileType = sourcecode.c.objc; path = ViewController.m; sourceTree = "<group>"; };
		9E9CA0C31E4102C2002489B5 /* Base */ = {isa = PBXFileReference; lastKnownFileType = file.storyboard; name = Base; path = Base.lproj/Main.storyboard; sourceTree = "<group>"; };
		9E9CA0C51E4102C2002489B5 /* Assets.xcassets */ = {isa = PBXFileReference; lastKnownFileType = folder.assetcatalog; path = Assets.xcassets; sourceTree = "<group>"; };
		9E9CA0C81E4102C2002489B5 /* Base */ = {isa = PBXFileReference; lastKnownFileType = file.storyboard; name = Base; path = Base.lproj/LaunchScreen.storyboard; sourceTree = "<group>"; };
		9E9CA0CA1E4102C2002489B5 /* Info.plist */ = {isa = PBXFileReference; lastKnownFileType = text.plist.xml; path = Info.plist; sourceTree = "<group>"; };
		C3010DDB1E43BC6D0029CB8C /* ConfirmationViewController.h */ = {isa = PBXFileReference; fileEncoding = 4; lastKnownFileType = sourcecode.c.h; path = ConfirmationViewController.h; sourceTree = "<group>"; };
		C3010DDC1E43BC6D0029CB8C /* ConfirmationViewController.m */ = {isa = PBXFileReference; fileEncoding = 4; lastKnownFileType = sourcecode.c.objc; path = ConfirmationViewController.m; sourceTree = "<group>"; };
		C3010DDD1E43BC6D0029CB8C /* ConfirmationViewController.xib */ = {isa = PBXFileReference; fileEncoding = 4; lastKnownFileType = file.xib; path = ConfirmationViewController.xib; sourceTree = "<group>"; };
		E87EC67D1E43AF1A002106F1 /* Constants.h */ = {isa = PBXFileReference; fileEncoding = 4; lastKnownFileType = sourcecode.c.h; path = Constants.h; sourceTree = "<group>"; };
		E87EC6871E43CA0E002106F1 /* QuestionViewController.h */ = {isa = PBXFileReference; fileEncoding = 4; lastKnownFileType = sourcecode.c.h; path = QuestionViewController.h; sourceTree = "<group>"; };
		E87EC6881E43CA0E002106F1 /* QuestionViewController.m */ = {isa = PBXFileReference; fileEncoding = 4; lastKnownFileType = sourcecode.c.objc; path = QuestionViewController.m; sourceTree = "<group>"; };
		E87EC6891E43CA0E002106F1 /* QuestionViewController.xib */ = {isa = PBXFileReference; fileEncoding = 4; lastKnownFileType = file.xib; path = QuestionViewController.xib; sourceTree = "<group>"; };
/* End PBXFileReference section */

/* Begin PBXFrameworksBuildPhase section */
		9E9CA0B31E4102C2002489B5 /* Frameworks */ = {
			isa = PBXFrameworksBuildPhase;
			buildActionMask = 2147483647;
			files = (
			);
			runOnlyForDeploymentPostprocessing = 0;
		};
/* End PBXFrameworksBuildPhase section */

/* Begin PBXGroup section */
		9E9CA0AD1E4102C2002489B5 = {
			isa = PBXGroup;
			children = (
				C3010DDB1E43BC6D0029CB8C /* ConfirmationViewController.h */,
				C3010DDC1E43BC6D0029CB8C /* ConfirmationViewController.m */,
				C3010DDD1E43BC6D0029CB8C /* ConfirmationViewController.xib */,
				9E9CA0B81E4102C2002489B5 /* UsingMicrosoftVision */,
				9E9CA0B71E4102C2002489B5 /* Products */,
			);
			sourceTree = "<group>";
		};
		9E9CA0B71E4102C2002489B5 /* Products */ = {
			isa = PBXGroup;
			children = (
				9E9CA0B61E4102C2002489B5 /* UsingMicrosoftVision.app */,
			);
			name = Products;
			sourceTree = "<group>";
		};
		9E9CA0B81E4102C2002489B5 /* UsingMicrosoftVision */ = {
			isa = PBXGroup;
			children = (
				9E9CA0BC1E4102C2002489B5 /* AppDelegate.h */,
				9E9CA0BD1E4102C2002489B5 /* AppDelegate.m */,
				E87EC67D1E43AF1A002106F1 /* Constants.h */,
				006ADCB81E44280E0063B6A4 /* Constants.m */,
				9E9CA0BF1E4102C2002489B5 /* ViewController.h */,
				9E9CA0C01E4102C2002489B5 /* ViewController.m */,
				E87EC6871E43CA0E002106F1 /* QuestionViewController.h */,
				E87EC6881E43CA0E002106F1 /* QuestionViewController.m */,
				E87EC6891E43CA0E002106F1 /* QuestionViewController.xib */,
				9E9CA0C21E4102C2002489B5 /* Main.storyboard */,
				00EBE3CB1E43F96F00203079 /* FinalScoreViewController.h */,
				00EBE3CC1E43F96F00203079 /* FinalScoreViewController.m */,
				00EBE3C51E43DD4600203079 /* wildtextures-creased-black-paper-texture.jpg */,
				9E9CA0C51E4102C2002489B5 /* Assets.xcassets */,
				9E9CA0C71E4102C2002489B5 /* LaunchScreen.storyboard */,
				9E9CA0CA1E4102C2002489B5 /* Info.plist */,
				00EBE3C71E43E40000203079 /* iSpyLogo.png */,
				00EBE3C11E43D8EB00203079 /* ispy-bkg2.png */,
				00EBE3B31E43BFBE00203079 /* eye-icon.png */,
				00EBE3B71E43C43000203079 /* cameraIcon-thumbn-on.png */,
				00EBE3B51E43C29400203079 /* heart.png */,
				9E9CA0B91E4102C2002489B5 /* Supporting Files */,
			);
			path = UsingMicrosoftVision;
			sourceTree = "<group>";
		};
		9E9CA0B91E4102C2002489B5 /* Supporting Files */ = {
			isa = PBXGroup;
			children = (
				9E9CA0BA1E4102C2002489B5 /* main.m */,
			);
			name = "Supporting Files";
			sourceTree = "<group>";
		};
/* End PBXGroup section */

/* Begin PBXNativeTarget section */
		9E9CA0B51E4102C2002489B5 /* UsingMicrosoftVision */ = {
			isa = PBXNativeTarget;
			buildConfigurationList = 9E9CA0CD1E4102C2002489B5 /* Build configuration list for PBXNativeTarget "UsingMicrosoftVision" */;
			buildPhases = (
				9E9CA0B21E4102C2002489B5 /* Sources */,
				9E9CA0B31E4102C2002489B5 /* Frameworks */,
				9E9CA0B41E4102C2002489B5 /* Resources */,
			);
			buildRules = (
			);
			dependencies = (
			);
			name = UsingMicrosoftVision;
			productName = UsingMicrosoftVision;
			productReference = 9E9CA0B61E4102C2002489B5 /* UsingMicrosoftVision.app */;
			productType = "com.apple.product-type.application";
		};
/* End PBXNativeTarget section */

/* Begin PBXProject section */
		9E9CA0AE1E4102C2002489B5 /* Project object */ = {
			isa = PBXProject;
			attributes = {
				LastUpgradeCheck = 0820;
				ORGANIZATIONNAME = sahlitude;
				TargetAttributes = {
					9E9CA0B51E4102C2002489B5 = {
						CreatedOnToolsVersion = 8.2.1;
						DevelopmentTeam = X9KW2SQ39Q;
						ProvisioningStyle = Automatic;
					};
				};
			};
			buildConfigurationList = 9E9CA0B11E4102C2002489B5 /* Build configuration list for PBXProject "UsingMicrosoftVision" */;
			compatibilityVersion = "Xcode 3.2";
			developmentRegion = English;
			hasScannedForEncodings = 0;
			knownRegions = (
				en,
				Base,
			);
			mainGroup = 9E9CA0AD1E4102C2002489B5;
			productRefGroup = 9E9CA0B71E4102C2002489B5 /* Products */;
			projectDirPath = "";
			projectRoot = "";
			targets = (
				9E9CA0B51E4102C2002489B5 /* UsingMicrosoftVision */,
			);
		};
/* End PBXProject section */

/* Begin PBXResourcesBuildPhase section */
		9E9CA0B41E4102C2002489B5 /* Resources */ = {
			isa = PBXResourcesBuildPhase;
			buildActionMask = 2147483647;
			files = (
				00EBE3B41E43BFBE00203079 /* eye-icon.png in Resources */,
				9E9CA0C91E4102C2002489B5 /* LaunchScreen.storyboard in Resources */,
				E87EC68B1E43CA0E002106F1 /* QuestionViewController.xib in Resources */,
				00EBE3B81E43C43000203079 /* cameraIcon-thumbn-on.png in Resources */,
				00EBE3C81E43E40000203079 /* iSpyLogo.png in Resources */,
				00EBE3B61E43C29400203079 /* heart.png in Resources */,
				9E9CA0C61E4102C2002489B5 /* Assets.xcassets in Resources */,
				00EBE3C61E43DD4600203079 /* wildtextures-creased-black-paper-texture.jpg in Resources */,
				9E9CA0C41E4102C2002489B5 /* Main.storyboard in Resources */,
				00EBE3C21E43D8EB00203079 /* ispy-bkg2.png in Resources */,
				C3010DDF1E43BC6D0029CB8C /* ConfirmationViewController.xib in Resources */,
			);
			runOnlyForDeploymentPostprocessing = 0;
		};
/* End PBXResourcesBuildPhase section */

/* Begin PBXSourcesBuildPhase section */
		9E9CA0B21E4102C2002489B5 /* Sources */ = {
			isa = PBXSourcesBuildPhase;
			buildActionMask = 2147483647;
			files = (
				9E9CA0C11E4102C2002489B5 /* ViewController.m in Sources */,
				00EBE3CD1E43F96F00203079 /* FinalScoreViewController.m in Sources */,
				E87EC68A1E43CA0E002106F1 /* QuestionViewController.m in Sources */,
				9E9CA0BE1E4102C2002489B5 /* AppDelegate.m in Sources */,
				9E9CA0BB1E4102C2002489B5 /* main.m in Sources */,
				006ADCB91E44280E0063B6A4 /* Constants.m in Sources */,
				C3010DDE1E43BC6D0029CB8C /* ConfirmationViewController.m in Sources */,
			);
			runOnlyForDeploymentPostprocessing = 0;
		};
/* End PBXSourcesBuildPhase section */

/* Begin PBXVariantGroup section */
		9E9CA0C21E4102C2002489B5 /* Main.storyboard */ = {
			isa = PBXVariantGroup;
			children = (
				9E9CA0C31E4102C2002489B5 /* Base */,
			);
			name = Main.storyboard;
			sourceTree = "<group>";
		};
		9E9CA0C71E4102C2002489B5 /* LaunchScreen.storyboard */ = {
			isa = PBXVariantGroup;
			children = (
				9E9CA0C81E4102C2002489B5 /* Base */,
			);
			name = LaunchScreen.storyboard;
			sourceTree = "<group>";
		};
/* End PBXVariantGroup section */

/* Begin XCBuildConfiguration section */
		9E9CA0CB1E4102C2002489B5 /* Debug */ = {
			isa = XCBuildConfiguration;
			buildSettings = {
				ALWAYS_SEARCH_USER_PATHS = NO;
				CLANG_ANALYZER_NONNULL = YES;
				CLANG_CXX_LANGUAGE_STANDARD = "gnu++0x";
				CLANG_CXX_LIBRARY = "libc++";
				CLANG_ENABLE_MODULES = YES;
				CLANG_ENABLE_OBJC_ARC = YES;
				CLANG_WARN_BOOL_CONVERSION = YES;
				CLANG_WARN_CONSTANT_CONVERSION = YES;
				CLANG_WARN_DIRECT_OBJC_ISA_USAGE = YES_ERROR;
				CLANG_WARN_DOCUMENTATION_COMMENTS = YES;
				CLANG_WARN_EMPTY_BODY = YES;
				CLANG_WARN_ENUM_CONVERSION = YES;
				CLANG_WARN_INFINITE_RECURSION = YES;
				CLANG_WARN_INT_CONVERSION = YES;
				CLANG_WARN_OBJC_ROOT_CLASS = YES_ERROR;
				CLANG_WARN_SUSPICIOUS_MOVE = YES;
				CLANG_WARN_UNREACHABLE_CODE = YES;
				CLANG_WARN__DUPLICATE_METHOD_MATCH = YES;
				"CODE_SIGN_IDENTITY[sdk=iphoneos*]" = "iPhone Developer";
				COPY_PHASE_STRIP = NO;
				DEBUG_INFORMATION_FORMAT = dwarf;
				ENABLE_STRICT_OBJC_MSGSEND = YES;
				ENABLE_TESTABILITY = YES;
				GCC_C_LANGUAGE_STANDARD = gnu99;
				GCC_DYNAMIC_NO_PIC = NO;
				GCC_NO_COMMON_BLOCKS = YES;
				GCC_OPTIMIZATION_LEVEL = 0;
				GCC_PREPROCESSOR_DEFINITIONS = (
					"DEBUG=1",
					"$(inherited)",
				);
				GCC_WARN_64_TO_32_BIT_CONVERSION = YES;
				GCC_WARN_ABOUT_RETURN_TYPE = YES_ERROR;
				GCC_WARN_UNDECLARED_SELECTOR = YES;
				GCC_WARN_UNINITIALIZED_AUTOS = YES_AGGRESSIVE;
				GCC_WARN_UNUSED_FUNCTION = YES;
				GCC_WARN_UNUSED_VARIABLE = YES;
				IPHONEOS_DEPLOYMENT_TARGET = 10.2;
				MTL_ENABLE_DEBUG_INFO = YES;
				ONLY_ACTIVE_ARCH = YES;
				SDKROOT = iphoneos;
				TARGETED_DEVICE_FAMILY = "1,2";
			};
			name = Debug;
		};
		9E9CA0CC1E4102C2002489B5 /* Release */ = {
			isa = XCBuildConfiguration;
			buildSettings = {
				ALWAYS_SEARCH_USER_PATHS = NO;
				CLANG_ANALYZER_NONNULL = YES;
				CLANG_CXX_LANGUAGE_STANDARD = "gnu++0x";
				CLANG_CXX_LIBRARY = "libc++";
				CLANG_ENABLE_MODULES = YES;
				CLANG_ENABLE_OBJC_ARC = YES;
				CLANG_WARN_BOOL_CONVERSION = YES;
				CLANG_WARN_CONSTANT_CONVERSION = YES;
				CLANG_WARN_DIRECT_OBJC_ISA_USAGE = YES_ERROR;
				CLANG_WARN_DOCUMENTATION_COMMENTS = YES;
				CLANG_WARN_EMPTY_BODY = YES;
				CLANG_WARN_ENUM_CONVERSION = YES;
				CLANG_WARN_INFINITE_RECURSION = YES;
				CLANG_WARN_INT_CONVERSION = YES;
				CLANG_WARN_OBJC_ROOT_CLASS = YES_ERROR;
				CLANG_WARN_SUSPICIOUS_MOVE = YES;
				CLANG_WARN_UNREACHABLE_CODE = YES;
				CLANG_WARN__DUPLICATE_METHOD_MATCH = YES;
				"CODE_SIGN_IDENTITY[sdk=iphoneos*]" = "iPhone Developer";
				COPY_PHASE_STRIP = NO;
				DEBUG_INFORMATION_FORMAT = "dwarf-with-dsym";
				ENABLE_NS_ASSERTIONS = NO;
				ENABLE_STRICT_OBJC_MSGSEND = YES;
				GCC_C_LANGUAGE_STANDARD = gnu99;
				GCC_NO_COMMON_BLOCKS = YES;
				GCC_WARN_64_TO_32_BIT_CONVERSION = YES;
				GCC_WARN_ABOUT_RETURN_TYPE = YES_ERROR;
				GCC_WARN_UNDECLARED_SELECTOR = YES;
				GCC_WARN_UNINITIALIZED_AUTOS = YES_AGGRESSIVE;
				GCC_WARN_UNUSED_FUNCTION = YES;
				GCC_WARN_UNUSED_VARIABLE = YES;
				IPHONEOS_DEPLOYMENT_TARGET = 10.2;
				MTL_ENABLE_DEBUG_INFO = NO;
				SDKROOT = iphoneos;
				TARGETED_DEVICE_FAMILY = "1,2";
				VALIDATE_PRODUCT = YES;
			};
			name = Release;
		};
		9E9CA0CE1E4102C2002489B5 /* Debug */ = {
			isa = XCBuildConfiguration;
			buildSettings = {
				ASSETCATALOG_COMPILER_APPICON_NAME = AppIcon;
				DEVELOPMENT_TEAM = X9KW2SQ39Q;
				INFOPLIST_FILE = UsingMicrosoftVision/Info.plist;
				LD_RUNPATH_SEARCH_PATHS = "$(inherited) @executable_path/Frameworks";
				PRODUCT_BUNDLE_IDENTIFIER = com.emikoclark.jeopardySoundTest;
				PRODUCT_NAME = "$(TARGET_NAME)";
			};
			name = Debug;
		};
		9E9CA0CF1E4102C2002489B5 /* Release */ = {
			isa = XCBuildConfiguration;
			buildSettings = {
				ASSETCATALOG_COMPILER_APPICON_NAME = AppIcon;
				DEVELOPMENT_TEAM = X9KW2SQ39Q;
				INFOPLIST_FILE = UsingMicrosoftVision/Info.plist;
				LD_RUNPATH_SEARCH_PATHS = "$(inherited) @executable_path/Frameworks";
				PRODUCT_BUNDLE_IDENTIFIER = com.emikoclark.jeopardySoundTest;
				PRODUCT_NAME = "$(TARGET_NAME)";
			};
			name = Release;
		};
/* End XCBuildConfiguration section */

/* Begin XCConfigurationList section */
		9E9CA0B11E4102C2002489B5 /* Build configuration list for PBXProject "UsingMicrosoftVision" */ = {
			isa = XCConfigurationList;
			buildConfigurations = (
				9E9CA0CB1E4102C2002489B5 /* Debug */,
				9E9CA0CC1E4102C2002489B5 /* Release */,
			);
			defaultConfigurationIsVisible = 0;
			defaultConfigurationName = Release;
		};
		9E9CA0CD1E4102C2002489B5 /* Build configuration list for PBXNativeTarget "UsingMicrosoftVision" */ = {
			isa = XCConfigurationList;
			buildConfigurations = (
				9E9CA0CE1E4102C2002489B5 /* Debug */,
				9E9CA0CF1E4102C2002489B5 /* Release */,
			);
			defaultConfigurationIsVisible = 0;
			defaultConfigurationName = Release;
		};
/* End XCConfigurationList section */
	};
	rootObject = 9E9CA0AE1E4102C2002489B5 /* Project object */;
}
